
Microsoft Visual Studio Solution File, Format Version 12.00
# Visual Studio Version 16
VisualStudioVersion = 16.0.29519.87
MinimumVisualStudioVersion = 10.0.40219.1
Project("{FAE04EC0-301F-11D3-BF4B-00C04F79EFBC}") = "Doctor'sAppointmentBookingSystem", "Doctor'sAppointmentBookingSystem\Doctor'sAppointmentBookingSystem.csproj", "{7B33DD07-44F9-459E-A853-6C941C716641}"
EndProject
Project("{FAE04EC0-301F-11D3-BF4B-00C04F79EFBC}") = "Doctor_sAppointmentBookingSystem", "Doctor_sAppointmentBookingSystem\Doctor_sAppointmentBookingSystem.csproj", "{15C184C1-9F7B-449C-96BC-89B3C75C27AA}"
EndProject
Global
	GlobalSection(SolutionConfigurationPlatforms) = preSolution
		Debug|Any CPU = Debug|Any CPU
		Release|Any CPU = Release|Any CPU
	EndGlobalSection
	GlobalSection(ProjectConfigurationPlatforms) = postSolution
		{7B33DD07-44F9-459E-A853-6C941C716641}.Debug|Any CPU.ActiveCfg = Debug|Any CPU
		{7B33DD07-44F9-459E-A853-6C941C716641}.Debug|Any CPU.Build.0 = Debug|Any CPU
		{7B33DD07-44F9-459E-A853-6C941C716641}.Release|Any CPU.ActiveCfg = Release|Any CPU
		{7B33DD07-44F9-459E-A853-6C941C716641}.Release|Any CPU.Build.0 = Release|Any CPU
		{15C184C1-9F7B-449C-96BC-89B3C75C27AA}.Debug|Any CPU.ActiveCfg = Debug|Any CPU
		{15C184C1-9F7B-449C-96BC-89B3C75C27AA}.Debug|Any CPU.Build.0 = Debug|Any CPU
		{15C184C1-9F7B-449C-96BC-89B3C75C27AA}.Release|Any CPU.ActiveCfg = Release|Any CPU
		{15C184C1-9F7B-449C-96BC-89B3C75C27AA}.Release|Any CPU.Build.0 = Release|Any CPU
	EndGlobalSection
	GlobalSection(SolutionProperties) = preSolution
		HideSolutionNode = FALSE
	EndGlobalSection
	GlobalSection(ExtensibilityGlobals) = postSolution
		SolutionGuid = {D03F4691-B6EF-40D4-AC9C-2519F09B0244}
	EndGlobalSection
EndGlobal
